
Microsoft Visual Studio Solution File, Format Version 12.00
# Visual Studio Version 17
VisualStudioVersion = 17.6.33723.286
MinimumVisualStudioVersion = 10.0.40219.1
Project("{FAE04EC0-301F-11D3-BF4B-00C04F79EFBC}") = "Zero", "Zero\Zero.csproj", "{F796EF31-46B8-4783-A276-617D54EDE5A8}"
EndProject
Global
	GlobalSection(SolutionConfigurationPlatforms) = preSolution
		Debug|Any CPU = Debug|Any CPU
		Release|Any CPU = Release|Any CPU
	EndGlobalSection
	GlobalSection(ProjectConfigurationPlatforms) = postSolution
		{F796EF31-46B8-4783-A276-617D54EDE5A8}.Debug|Any CPU.ActiveCfg = Debug|Any CPU
		{F796EF31-46B8-4783-A276-617D54EDE5A8}.Debug|Any CPU.Build.0 = Debug|Any CPU
		{F796EF31-46B8-4783-A276-617D54EDE5A8}.Release|Any CPU.ActiveCfg = Release|Any CPU
		{F796EF31-46B8-4783-A276-617D54EDE5A8}.Release|Any CPU.Build.0 = Release|Any CPU
	EndGlobalSection
	GlobalSection(SolutionProperties) = preSolution
		HideSolutionNode = FALSE
	EndGlobalSection
	GlobalSection(ExtensibilityGlobals) = postSolution
		SolutionGuid = {2D11674D-98E2-4AF7-8853-9C30CDE444A7}
	EndGlobalSection
EndGlobal
